
Microsoft Visual Studio Solution File, Format Version 12.00
# Visual Studio Version 17
VisualStudioVersion = 17.14.36301.6 d17.14
MinimumVisualStudioVersion = 10.0.40219.1
Project("{FAE04EC0-301F-11D3-BF4B-00C04F79EFBC}") = "practice_api", "practice_api\practice_api.csproj", "{CBB77B88-47B9-4F7A-A45B-CC37586F1253}"
EndProject
Global
	GlobalSection(SolutionConfigurationPlatforms) = preSolution
		Debug|Any CPU = Debug|Any CPU
		Release|Any CPU = Release|Any CPU
	EndGlobalSection
	GlobalSection(ProjectConfigurationPlatforms) = postSolution
		{CBB77B88-47B9-4F7A-A45B-CC37586F1253}.Debug|Any CPU.ActiveCfg = Debug|Any CPU
		{CBB77B88-47B9-4F7A-A45B-CC37586F1253}.Debug|Any CPU.Build.0 = Debug|Any CPU
		{CBB77B88-47B9-4F7A-A45B-CC37586F1253}.Release|Any CPU.ActiveCfg = Release|Any CPU
		{CBB77B88-47B9-4F7A-A45B-CC37586F1253}.Release|Any CPU.Build.0 = Release|Any CPU
	EndGlobalSection
	GlobalSection(SolutionProperties) = preSolution
		HideSolutionNode = FALSE
	EndGlobalSection
	GlobalSection(ExtensibilityGlobals) = postSolution
		SolutionGuid = {3ACA91D8-AF56-4BE4-8518-EFDBE249B490}
	EndGlobalSection
EndGlobal
